{
    "_meta": {
        "hash": {
            "sha256": "ad743a43c884bff58a8fcbab57c86cb5d3812375dce326bc3570b8a34fd54647"
        },
        "pipfile-spec": 6,
        "requires": {
            "python_version": "3.10"
        },
        "sources": [
            {
                "name": "pypi",
                "url": "https://pypi.org/simple",
                "verify_ssl": true
            }
        ]
    },
    "default": {
        "joblib": {
            "hashes": [
                "sha256:4719a31f054c7d766948dcd83e9613686b27114f190f717cec7eaa2084f8a74a",
                "sha256:f4f86e351f39fe3d0d32a9f2c3d8af1ee4cec285aafcb27003dda5205576b444"
            ],
            "markers": "python_version >= '3.9'",
            "version": "==1.5.1"
        },
        "numpy": {
            "hashes": [
                "sha256:1dbe1c91269f880e364526649a52eff93ac30035507ae980d2fed33aaee633ac",
                "sha256:357768c2e4451ac241465157a3e929b265dfac85d9214074985b1786244f2ef3",
                "sha256:3820724272f9913b597ccd13a467cc492a0da6b05df26ea09e78b171a0bb9da6",
                "sha256:4391bd07606be175aafd267ef9bea87cf1b8210c787666ce82073b05f202add1",
                "sha256:4aa48afdce4660b0076a00d80afa54e8a97cd49f457d68a4342d188a09451c1a",
                "sha256:58459d3bad03343ac4b1b42ed14d571b8743dc80ccbf27444f266729df1d6f5b",
                "sha256:5c3c8def4230e1b959671eb959083661b4a0d2e9af93ee339c7dada6759a9470",
                "sha256:5f30427731561ce75d7048ac254dbe47a2ba576229250fb60f0fb74db96501a1",
                "sha256:643843bcc1c50526b3a71cd2ee561cf0d8773f062c8cbaf9ffac9fdf573f83ab",
                "sha256:67c261d6c0a9981820c3a149d255a76918278a6b03b6a036800359aba1256d46",
                "sha256:67f21981ba2f9d7ba9ade60c9e8cbaa8cf8e9ae51673934480e45cf55e953673",
                "sha256:6aaf96c7f8cebc220cdfc03f1d5a31952f027dda050e5a703a0d1c396075e3e7",
                "sha256:7c4068a8c44014b2d55f3c3f574c376b2494ca9cc73d2f1bd692382b6dffe3db",
                "sha256:7c7e5fa88d9ff656e067876e4736379cc962d185d5cd808014a8a928d529ef4e",
                "sha256:7f5ae4f304257569ef3b948810816bc87c9146e8c446053539947eedeaa32786",
                "sha256:82691fda7c3f77c90e62da69ae60b5ac08e87e775b09813559f8901a88266552",
                "sha256:8737609c3bbdd48e380d463134a35ffad3b22dc56295eff6f79fd85bd0eeeb25",
                "sha256:9f411b2c3f3d76bba0865b35a425157c5dcf54937f82bbeb3d3c180789dd66a6",
                "sha256:a6be4cb0ef3b8c9250c19cc122267263093eee7edd4e3fa75395dfda8c17a8e2",
                "sha256:bcb238c9c96c00d3085b264e5c1a1207672577b93fa666c3b14a45240b14123a",
                "sha256:bf2ec4b75d0e9356edea834d1de42b31fe11f726a81dfb2c2112bc1eaa508fcf",
                "sha256:d136337ae3cc69aa5e447e78d8e1514be8c3ec9b54264e680cf0b4bd9011574f",
                "sha256:d4bf4d43077db55589ffc9009c0ba0a94fa4908b9586d6ccce2e0b164c86303c",
                "sha256:d6a96eef20f639e6a97d23e57dd0c1b1069a7b4fd7027482a4c5c451cd7732f4",
                "sha256:d9caa9d5e682102453d96a0ee10c7241b72859b01a941a397fd965f23b3e016b",
                "sha256:dd1c8f6bd65d07d3810b90d02eba7997e32abbdf1277a481d698969e921a3be0",
                "sha256:e31f0bb5928b793169b87e3d1e070f2342b22d5245c755e2b81caa29756246c3",
                "sha256:ecb55251139706669fdec2ff073c98ef8e9a84473e51e716211b41aa0f18e656",
                "sha256:ee5ec40fdd06d62fe5d4084bef4fd50fd4bb6bfd2bf519365f569dc470163ab0",
                "sha256:f17e562de9edf691a42ddb1eb4a5541c20dd3f9e65b09ded2beb0799c0cf29bb",
                "sha256:fdffbfb6832cd0b300995a2b08b8f6fa9f6e856d562800fea9182316d99c4e8e"
            ],
            "index": "pypi",
            "markers": "python_version < '3.11' and python_version >= '3.7'",
            "version": "==1.21.6"
        },
        "pandas": {
            "hashes": [
                "sha256:04dbdbaf2e4d46ca8da896e1805bc04eb85caa9a82e259e8eed00254d5e0c682",
                "sha256:1168574b036cd8b93abc746171c9b4f1b83467438a5e45909fed645cf8692dbc",
                "sha256:1994c789bf12a7c5098277fb43836ce090f1073858c10f9220998ac74f37c69b",
                "sha256:258d3624b3ae734490e4d63c430256e716f488c4fcb7c8e9bde2d3aa46c29089",
                "sha256:32fca2ee1b0d93dd71d979726b12b61faa06aeb93cf77468776287f41ff8fdc5",
                "sha256:37673e3bdf1551b95bf5d4ce372b37770f9529743d2498032439371fc7b7eb26",
                "sha256:3ef285093b4fe5058eefd756100a367f27029913760773c8bf1d2d8bebe5d210",
                "sha256:5247fb1ba347c1261cbbf0fcfba4a3121fbb4029d95d9ef4dc45406620b25c8b",
                "sha256:5ec591c48e29226bcbb316e0c1e9423622bc7a4eaf1ef7c3c9fa1a3981f89641",
                "sha256:694888a81198786f0e164ee3a581df7d505024fbb1f15202fc7db88a71d84ebd",
                "sha256:69d7f3884c95da3a31ef82b7618af5710dba95bb885ffab339aad925c3e8ce78",
                "sha256:6a21ab5c89dcbd57f78d0ae16630b090eec626360085a4148693def5452d8a6b",
                "sha256:81af086f4543c9d8bb128328b5d32e9986e0c84d3ee673a2ac6fb57fd14f755e",
                "sha256:9e4da0d45e7f34c069fe4d522359df7d23badf83abc1d1cef398895822d11061",
                "sha256:9eae3dc34fa1aa7772dd3fc60270d13ced7346fcbcfee017d3132ec625e23bb0",
                "sha256:9ee1a69328d5c36c98d8e74db06f4ad518a1840e8ccb94a4ba86920986bb617e",
                "sha256:b084b91d8d66ab19f5bb3256cbd5ea661848338301940e17f4492b2ce0801fe8",
                "sha256:b9cb1e14fdb546396b7e1b923ffaeeac24e4cedd14266c3497216dd4448e4f2d",
                "sha256:ba619e410a21d8c387a1ea6e8a0e49bb42216474436245718d7f2e88a2f8d7c0",
                "sha256:c02f372a88e0d17f36d3093a644c73cfc1788e876a7c4bcb4020a77512e2043c",
                "sha256:ce0c6f76a0f1ba361551f3e6dceaff06bde7514a374aa43e33b588ec10420183",
                "sha256:d9cd88488cceb7635aebb84809d087468eb33551097d600c6dad13602029c2df",
                "sha256:e4c7c9f27a4185304c7caf96dc7d91bc60bc162221152de697c98eb0b2648dd8",
                "sha256:f167beed68918d62bffb6ec64f2e1d8a7d297a038f86d4aed056b9493fca407f",
                "sha256:f3421a7afb1a43f7e38e82e844e2bca9a6d793d66c1a7f9f0ff39a795bbc5e02"
            ],
            "index": "pypi",
            "markers": "python_version >= '3.8'",
            "version": "==2.0.3"
        },
        "pyarrow": {
            "hashes": [
                "sha256:00138f79ee1b5aca81e2bdedb91e3739b987245e11fa3c826f9e57c5d102fb75",
                "sha256:11529a2283cb1f6271d7c23e4a8f9f8b7fd173f7360776b668e509d712a02eec",
                "sha256:15aa1b3b2587e74328a730457068dc6c89e6dcbf438d4369f572af9d320a25ee",
                "sha256:1bcbe471ef3349be7714261dea28fe280db574f9d0f77eeccc195a2d161fd861",
                "sha256:204a846dca751428991346976b914d6d2a82ae5b8316a6ed99789ebf976551e6",
                "sha256:211d5e84cecc640c7a3ab900f930aaff5cd2702177e0d562d426fb7c4f737781",
                "sha256:24ca380585444cb2a31324c546a9a56abbe87e26069189e14bdba19c86c049f0",
                "sha256:2c3a01f313ffe27ac4126f4c2e5ea0f36a5fc6ab51f8726cf41fee4b256680bd",
                "sha256:30b3051b7975801c1e1d387e17c588d8ab05ced9b1e14eec57915f79869b5031",
                "sha256:3346babb516f4b6fd790da99b98bed9708e3f02e734c84971faccb20736848dc",
                "sha256:3e1f8a47f4b4ae4c69c4d702cfbdfe4d41e18e5c7ef6f1bb1c50918c1e81c57b",
                "sha256:4250e28a22302ce8692d3a0e8ec9d9dde54ec00d237cff4dfa9c1fbf79e472a8",
                "sha256:4680f01ecd86e0dd63e39eb5cd59ef9ff24a9d166db328679e36c108dc993d4c",
                "sha256:4a8b029a07956b8d7bd742ffca25374dd3f634b35e46cc7a7c3fa4c75b297191",
                "sha256:4ba3cf4182828be7a896cbd232aa8dd6a31bd1f9e32776cc3796c012855e1199",
                "sha256:5605919fbe67a7948c1f03b9f3727d82846c053cd2ce9303ace791855923fd20",
                "sha256:5f0fb1041267e9968c6d0d2ce3ff92e3928b243e2b6d11eeb84d9ac547308232",
                "sha256:6102b4864d77102dbbb72965618e204e550135a940c2534711d5ffa787df2a5a",
                "sha256:6415a0d0174487456ddc9beaead703d0ded5966129fa4fd3114d76b5d1c5ceae",
                "sha256:6bb830757103a6cb300a04610e08d9636f0cd223d32f388418ea893a3e655f1c",
                "sha256:6fc1499ed3b4b57ee4e090e1cea6eb3584793fe3d1b4297bbf53f09b434991a5",
                "sha256:75a51a5b0eef32727a247707d4755322cb970be7e935172b6a3a9f9ae98404ba",
                "sha256:7a3a5dcf54286e6141d5114522cf31dd67a9e7c9133d150799f30ee302a7a1ab",
                "sha256:7f4c8534e2ff059765647aa69b75d6543f9fef59e2cd4c6d18015192565d2b70",
                "sha256:82f1ee5133bd8f49d31be1299dc07f585136679666b502540db854968576faf9",
                "sha256:851c6a8260ad387caf82d2bbf54759130534723e37083111d4ed481cb253cc0d",
                "sha256:89e030dc58fc760e4010148e6ff164d2f44441490280ef1e97a542375e41058e",
                "sha256:95b330059ddfdc591a3225f2d272123be26c8fa76e8c9ee1a77aad507361cfdb",
                "sha256:96d6a0a37d9c98be08f5ed6a10831d88d52cac7b13f5287f1e0f625a0de8062b",
                "sha256:96e37f0766ecb4514a899d9a3554fadda770fb57ddf42b63d80f14bc20aa7db3",
                "sha256:97c8dc984ed09cb07d618d57d8d4b67a5100a30c3818c2fb0b04599f0da2de7b",
                "sha256:991f85b48a8a5e839b2128590ce07611fae48a904cae6cab1f089c5955b57eb5",
                "sha256:9965a050048ab02409fb7cbbefeedba04d3d67f2cc899eff505cc084345959ca",
                "sha256:9b71daf534f4745818f96c214dbc1e6124d7daf059167330b610fc69b6f3d3e3",
                "sha256:a15532e77b94c61efadde86d10957950392999503b3616b2ffcef7621a002893",
                "sha256:a18a14baef7d7ae49247e75641fd8bcbb39f44ed49a9fc4ec2f65d5031aa3b96",
                "sha256:a1f60dc14658efaa927f8214734f6a01a806d7690be4b3232ba526836d216122",
                "sha256:a2791f69ad72addd33510fec7bb14ee06c2a448e06b649e264c094c5b5f7ce28",
                "sha256:a5704f29a74b81673d266e5ec1fe376f060627c2e42c5c7651288ed4b0db29e9",
                "sha256:a6ad3e7758ecf559900261a4df985662df54fb7fdb55e8e3b3aa99b23d526b62",
                "sha256:aa0d288143a8585806e3cc7c39566407aab646fb9ece164609dac1cfff45f6ae",
                "sha256:b6953f0114f8d6f3d905d98e987d0924dabce59c3cda380bdfaa25a6201563b4",
                "sha256:b8ff87cc837601532cc8242d2f7e09b4e02404de1b797aee747dd4ba4bd6313f",
                "sha256:c7dd06fd7d7b410ca5dc839cc9d485d2bc4ae5240851bcd45d85105cc90a47d7",
                "sha256:ca151afa4f9b7bc45bcc791eb9a89e90a9eb2772767d0b1e5389609c7d03db63",
                "sha256:cb497649e505dc36542d0e68eca1a3c94ecbe9799cb67b578b55f2441a247fbc",
                "sha256:d5382de8dc34c943249b01c19110783d0d64b207167c728461add1ecc2db88e4",
                "sha256:db53390eaf8a4dab4dbd6d93c85c5cf002db24902dbff0ca7d988beb5c9dd15b",
                "sha256:dd43f58037443af715f34f1322c782ec463a3c8a94a85fdb2d987ceb5658e061",
                "sha256:e22f80b97a271f0a7d9cd07394a7d348f80d3ac63ed7cc38b6d1b696ab3b2619",
                "sha256:e724a3fd23ae5b9c010e7be857f4405ed5e679db5c93e66204db1a69f733936a",
                "sha256:e8b88758f9303fa5a83d6c90e176714b2fd3852e776fc2d7e42a22dd6c2fb368",
                "sha256:f2d67ac28f57a362f1a2c1e6fa98bfe2f03230f7e15927aecd067433b1e70ce8",
                "sha256:f3b117b922af5e4c6b9a9115825726cac7d8b1421c37c2b5e24fbacc8930612c",
                "sha256:febc4a913592573c8d5805091a6c2b5064c8bd6e002131f01061797d91c783c1"
            ],
            "index": "pypi",
            "markers": "python_version >= '3.9'",
            "version": "==20.0.0"
        },
        "python-dateutil": {
            "hashes": [
                "sha256:37dd54208da7e1cd875388217d5e00ebd4179249f90fb72437e91a35459a0ad3",
                "sha256:a8b2bc7bffae282281c8140a97d3aa9c14da0b136dfe83f850eea9a5f7470427"
            ],
            "markers": "python_version >= '2.7' and python_version not in '3.0, 3.1, 3.2'",
            "version": "==2.9.0.post0"
        },
        "pytz": {
            "hashes": [
                "sha256:360b9e3dbb49a209c21ad61809c7fb453643e048b38924c765813546746e81c3",
                "sha256:5ddf76296dd8c44c26eb8f4b6f35488f3ccbf6fbbd7adee0b7262d43f0ec2f00"
            ],
            "version": "==2025.2"
        },
        "scikit-learn": {
            "hashes": [
                "sha256:08ef968f6b72033c16c479c966bf37ccd49b06ea91b765e1cc27afefe723920b",
                "sha256:158faf30684c92a78e12da19c73feff9641a928a8024b4fa5ec11d583f3d8a87",
                "sha256:16455ace947d8d9e5391435c2977178d0ff03a261571e67f627c8fee0f9d431a",
                "sha256:245c9b5a67445f6f044411e16a93a554edc1efdcce94d3fc0bc6a4b9ac30b752",
                "sha256:285db0352e635b9e3392b0b426bc48c3b485512d3b4ac3c7a44ec2a2ba061e66",
                "sha256:2f3b453e0b149898577e301d27e098dfe1a36943f7bb0ad704d1e548efc3b448",
                "sha256:46f431ec59dead665e1370314dbebc99ead05e1c0a9df42f22d6a0e00044820f",
                "sha256:55f2f3a8414e14fbee03782f9fe16cca0f141d639d2b1c1a36779fa069e1db57",
                "sha256:5cb33fe1dc6f73dc19e67b264dbb5dde2a0539b986435fdd78ed978c14654830",
                "sha256:75307d9ea39236cad7eea87143155eea24d48f93f3a2f9389c817f7019f00705",
                "sha256:7626a34eabbf370a638f32d1a3ad50526844ba58d63e3ab81ba91e2a7c6d037e",
                "sha256:7a93c1292799620df90348800d5ac06f3794c1316ca247525fa31169f6d25855",
                "sha256:7d6b2475f1c23a698b48515217eb26b45a6598c7b1840ba23b3c5acece658dbb",
                "sha256:80095a1e4b93bd33261ef03b9bc86d6db649f988ea4dbcf7110d0cded8d7213d",
                "sha256:85260fb430b795d806251dd3bb05e6f48cdc777ac31f2bcf2bc8bbed3270a8f5",
                "sha256:9369b030e155f8188743eb4893ac17a27f81d28a884af460870c7c072f114243",
                "sha256:a053a6a527c87c5c4fa7bf1ab2556fa16d8345cf99b6c5a19030a4a7cd8fd2c0",
                "sha256:a90b60048f9ffdd962d2ad2fb16367a87ac34d76e02550968719eb7b5716fd10",
                "sha256:a999c9f02ff9570c783069f1074f06fe7386ec65b84c983db5aeb8144356a355",
                "sha256:b1391d1a6e2268485a63c3073111fe3ba6ec5145fc957481cfd0652be571226d",
                "sha256:b54a62c6e318ddbfa7d22c383466d38d2ee770ebdb5ddb668d56a099f6eaf75f",
                "sha256:b5870959a5484b614f26d31ca4c17524b1b0317522199dc985c3b4256e030767",
                "sha256:bc3744dabc56b50bec73624aeca02e0def06b03cb287de26836e730659c5d29c",
                "sha256:d93d4c28370aea8a7cbf6015e8a669cd5d69f856cc2aa44e7a590fb805bb5583",
                "sha256:d9aac97e57c196206179f674f09bc6bffcd0284e2ba95b7fe0b402ac3f986023",
                "sha256:da3c84694ff693b5b3194d8752ccf935a665b8b5edc33a283122f4273ca3e687",
                "sha256:e174242caecb11e4abf169342641778f68e1bfaba80cd18acd6bc84286b9a534",
                "sha256:eabceab574f471de0b0eb3f2ecf2eee9f10b3106570481d007ed1c84ebf6d6a1",
                "sha256:f14517e174bd7332f1cca2c959e704696a5e0ba246eb8763e6c24876d8710049",
                "sha256:fa38a1b9b38ae1fad2863eff5e0d69608567453fdfc850c992e6e47eb764e846",
                "sha256:ff3fa8ea0e09e38677762afc6e14cad77b5e125b0ea70c9bba1992f02c93b028",
                "sha256:ff746a69ff2ef25f62b36338c615dd15954ddc3ab8e73530237dd73235e76d62"
            ],
            "index": "pypi",
            "markers": "python_version >= '3.7'",
            "version": "==1.0.2"
        },
        "scipy": {
            "hashes": [
                "sha256:00150c5eae7b610c32589dda259eacc7c4f1665aedf25d921907f4d08a951b1c",
                "sha256:028eccd22e654b3ea01ee63705681ee79933652b2d8f873e7949898dda6d11b6",
                "sha256:1b7c3dca977f30a739e0409fb001056484661cb2541a01aba0bb0029f7b68db8",
                "sha256:2c6ff6ef9cc27f9b3db93a6f8b38f97387e6e0591600369a297a50a8e96e835d",
                "sha256:36750b7733d960d7994888f0d148d31ea3017ac15eef664194b4ef68d36a4a97",
                "sha256:530f9ad26440e85766509dbf78edcfe13ffd0ab7fec2560ee5c36ff74d6269ff",
                "sha256:5e347b14fe01003d3b78e196e84bd3f48ffe4c8a7b8a1afbcb8f5505cb710993",
                "sha256:6550466fbeec7453d7465e74d4f4b19f905642c89a7525571ee91dd7adabb5a3",
                "sha256:6df1468153a31cf55ed5ed39647279beb9cfb5d3f84369453b49e4b8502394fd",
                "sha256:6e619aba2df228a9b34718efb023966da781e89dd3d21637b27f2e54db0410d7",
                "sha256:8fce70f39076a5aa62e92e69a7f62349f9574d8405c0a5de6ed3ef72de07f446",
                "sha256:90a2b78e7f5733b9de748f589f09225013685f9b218275257f8a8168ededaeaa",
                "sha256:91af76a68eeae0064887a48e25c4e616fa519fa0d38602eda7e0f97d65d57937",
                "sha256:933baf588daa8dc9a92c20a0be32f56d43faf3d1a60ab11b3f08c356430f6e56",
                "sha256:acf8ed278cc03f5aff035e69cb511741e0418681d25fbbb86ca65429c4f4d9cd",
                "sha256:ad669df80528aeca5f557712102538f4f37e503f0c5b9541655016dd0932ca79",
                "sha256:b030c6674b9230d37c5c60ab456e2cf12f6784596d15ce8da9365e70896effc4",
                "sha256:b9999c008ccf00e8fbcce1236f85ade5c569d13144f77a1946bef8863e8f6eb4",
                "sha256:bc9a714581f561af0848e6b69947fda0614915f072dfd14142ed1bfe1b806710",
                "sha256:ce7fff2e23ab2cc81ff452a9444c215c28e6305f396b2ba88343a567feec9660",
                "sha256:cf00bd2b1b0211888d4dc75656c0412213a8b25e80d73898083f402b50f47e41",
                "sha256:d10e45a6c50211fe256da61a11c34927c68f277e03138777bdebedd933712fea",
                "sha256:ee410e6de8f88fd5cf6eadd73c135020bfbbbdfcd0f6162c36a7638a1ea8cc65",
                "sha256:f313b39a7e94f296025e3cffc2c567618174c0b1dde173960cf23808f9fae4be",
                "sha256:f3cd9e7b3c2c1ec26364856f9fbe78695fe631150f94cd1c22228456404cf1ec"
            ],
            "markers": "python_version >= '3.9'",
            "version": "==1.11.4"
        },
        "six": {
            "hashes": [
                "sha256:4721f391ed90541fddacab5acf947aa0d3dc7d27b2e1e8eda2be8970586c3274",
                "sha256:ff70335d468e7eb6ec65b95b99d3a2836546063f63acc5171de367e834932a81"
            ],
            "markers": "python_version >= '2.7' and python_version not in '3.0, 3.1, 3.2'",
            "version": "==1.17.0"
        },
        "threadpoolctl": {
            "hashes": [
                "sha256:43a0b8fd5a2928500110039e43a5eed8480b918967083ea48dc3ab9f13c4a7fb",
                "sha256:8ab8b4aa3491d812b623328249fab5302a68d2d71745c8a4c719a2fcaba9f44e"
            ],
            "markers": "python_version >= '3.9'",
            "version": "==3.6.0"
        },
        "tzdata": {
            "hashes": [
                "sha256:1a403fada01ff9221ca8044d701868fa132215d84beb92242d9acd2147f667a8",
                "sha256:b60a638fcc0daffadf82fe0f57e53d06bdec2f36c4df66280ae79bce6bd6f2b9"
            ],
            "markers": "python_version >= '2'",
            "version": "==2025.2"
        }
    },
    "develop": {}
}
